
Microsoft Visual Studio Solution File, Format Version 12.00
# Visual Studio Version 17
VisualStudioVersion = 17.7.34221.43
MinimumVisualStudioVersion = 10.0.40219.1
Project("{2150E333-8FDC-42A3-9474-1A3956D46DE8}") = "Solution Items", "Solution Items", "{440D9513-E170-43B6-A24F-30205BC00E42}"
	ProjectSection(SolutionItems) = preProject
		.editorconfig = .editorconfig
	EndProjectSection
EndProject
Project("{2150E333-8FDC-42A3-9474-1A3956D46DE8}") = "src", "src", "{F167C05F-C9AE-42C6-A15C-4771C14D97AD}"
EndProject
Project("{2150E333-8FDC-42A3-9474-1A3956D46DE8}") = "external", "external", "{1839276B-785B-4D06-91DB-DF1990DD9C22}"
EndProject
Project("{2150E333-8FDC-42A3-9474-1A3956D46DE8}") = "domain", "domain", "{686DABD2-4ECD-43E2-829A-4B71BDA7FD3B}"
EndProject
Project("{2150E333-8FDC-42A3-9474-1A3956D46DE8}") = "application", "application", "{E0319CFA-FA1D-4242-A984-522F298AF42D}"
EndProject
Project("{2150E333-8FDC-42A3-9474-1A3956D46DE8}") = "presentation", "presentation", "{77F46A3F-4B55-4D57-880E-AC6A00FBC525}"
EndProject
Project("{2150E333-8FDC-42A3-9474-1A3956D46DE8}") = "infrastructure", "infrastructure", "{9F08A2BB-31BD-473B-851C-DAB617BDFC73}"
EndProject
Project("{2150E333-8FDC-42A3-9474-1A3956D46DE8}") = "booking", "booking", "{0FF1D114-C58B-4C34-961D-7AD75F049C74}"
EndProject
Project("{2150E333-8FDC-42A3-9474-1A3956D46DE8}") = "shared_kernel", "shared_kernel", "{C7DB64B7-2D95-4731-AA8B-33448B87821D}"
EndProject
Project("{9A19103F-16F7-4668-BE54-9A1E7A4F7556}") = "Asset.Booking.SharedKernel", "src\Asset.Booking.SharedKernel\Asset.Booking.SharedKernel.csproj", "{D1C09968-389D-4F23-BD88-37327947E14A}"
EndProject
Project("{9A19103F-16F7-4668-BE54-9A1E7A4F7556}") = "Asset.Booking.Application", "src\Asset.Booking.Application\Asset.Booking.Application.csproj", "{ACDD3012-1380-48B0-B7B4-D0AA8A92FDF2}"
EndProject
Project("{9A19103F-16F7-4668-BE54-9A1E7A4F7556}") = "Asset.Booking.Domain", "src\Asset.Booking.Domain\Asset.Booking.Domain.csproj", "{B72241C2-4602-4CEA-B139-F48118F38799}"
EndProject
Project("{9A19103F-16F7-4668-BE54-9A1E7A4F7556}") = "Asset.Booking.API", "src\Asset.Booking.API\Asset.Booking.API.csproj", "{4962ADBD-9C69-4D98-8B89-8373B2C700E3}"
EndProject
Project("{9A19103F-16F7-4668-BE54-9A1E7A4F7556}") = "Asset.Booking.Presentation", "src\Asset.Booking.Presentation\Asset.Booking.Presentation.csproj", "{D6BA13BA-82A5-48D6-A91A-0B8A60007FA5}"
EndProject
Project("{9A19103F-16F7-4668-BE54-9A1E7A4F7556}") = "Asset.Booking.Infrastructure", "src\Asset.Booking.Infrastructure\Asset.Booking.Infrastructure.csproj", "{67C89F21-F776-4EE9-AFDC-EB2EB5D571F1}"
EndProject
Project("{2150E333-8FDC-42A3-9474-1A3956D46DE8}") = "tests", "tests", "{06B667CD-E82F-4CCD-807A-008D8060C992}"
EndProject
Project("{FAE04EC0-301F-11D3-BF4B-00C04F79EFBC}") = "Architecture.Tests", "tests\Architecture.Tests\Architecture.Tests.csproj", "{34B62CD3-6A88-4DBE-9BDE-F84A8C411E27}"
EndProject
Global
	GlobalSection(SolutionConfigurationPlatforms) = preSolution
		Debug|Any CPU = Debug|Any CPU
		Release|Any CPU = Release|Any CPU
	EndGlobalSection
	GlobalSection(ProjectConfigurationPlatforms) = postSolution
		{D1C09968-389D-4F23-BD88-37327947E14A}.Debug|Any CPU.ActiveCfg = Debug|Any CPU
		{D1C09968-389D-4F23-BD88-37327947E14A}.Debug|Any CPU.Build.0 = Debug|Any CPU
		{D1C09968-389D-4F23-BD88-37327947E14A}.Release|Any CPU.ActiveCfg = Release|Any CPU
		{D1C09968-389D-4F23-BD88-37327947E14A}.Release|Any CPU.Build.0 = Release|Any CPU
		{ACDD3012-1380-48B0-B7B4-D0AA8A92FDF2}.Debug|Any CPU.ActiveCfg = Debug|Any CPU
		{ACDD3012-1380-48B0-B7B4-D0AA8A92FDF2}.Debug|Any CPU.Build.0 = Debug|Any CPU
		{ACDD3012-1380-48B0-B7B4-D0AA8A92FDF2}.Release|Any CPU.ActiveCfg = Release|Any CPU
		{ACDD3012-1380-48B0-B7B4-D0AA8A92FDF2}.Release|Any CPU.Build.0 = Release|Any CPU
		{B72241C2-4602-4CEA-B139-F48118F38799}.Debug|Any CPU.ActiveCfg = Debug|Any CPU
		{B72241C2-4602-4CEA-B139-F48118F38799}.Debug|Any CPU.Build.0 = Debug|Any CPU
		{B72241C2-4602-4CEA-B139-F48118F38799}.Release|Any CPU.ActiveCfg = Release|Any CPU
		{B72241C2-4602-4CEA-B139-F48118F38799}.Release|Any CPU.Build.0 = Release|Any CPU
		{4962ADBD-9C69-4D98-8B89-8373B2C700E3}.Debug|Any CPU.ActiveCfg = Debug|Any CPU
		{4962ADBD-9C69-4D98-8B89-8373B2C700E3}.Debug|Any CPU.Build.0 = Debug|Any CPU
		{4962ADBD-9C69-4D98-8B89-8373B2C700E3}.Release|Any CPU.ActiveCfg = Release|Any CPU
		{4962ADBD-9C69-4D98-8B89-8373B2C700E3}.Release|Any CPU.Build.0 = Release|Any CPU
		{D6BA13BA-82A5-48D6-A91A-0B8A60007FA5}.Debug|Any CPU.ActiveCfg = Debug|Any CPU
		{D6BA13BA-82A5-48D6-A91A-0B8A60007FA5}.Debug|Any CPU.Build.0 = Debug|Any CPU
		{D6BA13BA-82A5-48D6-A91A-0B8A60007FA5}.Release|Any CPU.ActiveCfg = Release|Any CPU
		{D6BA13BA-82A5-48D6-A91A-0B8A60007FA5}.Release|Any CPU.Build.0 = Release|Any CPU
		{67C89F21-F776-4EE9-AFDC-EB2EB5D571F1}.Debug|Any CPU.ActiveCfg = Debug|Any CPU
		{67C89F21-F776-4EE9-AFDC-EB2EB5D571F1}.Debug|Any CPU.Build.0 = Debug|Any CPU
		{67C89F21-F776-4EE9-AFDC-EB2EB5D571F1}.Release|Any CPU.ActiveCfg = Release|Any CPU
		{67C89F21-F776-4EE9-AFDC-EB2EB5D571F1}.Release|Any CPU.Build.0 = Release|Any CPU
		{34B62CD3-6A88-4DBE-9BDE-F84A8C411E27}.Debug|Any CPU.ActiveCfg = Debug|Any CPU
		{34B62CD3-6A88-4DBE-9BDE-F84A8C411E27}.Debug|Any CPU.Build.0 = Debug|Any CPU
		{34B62CD3-6A88-4DBE-9BDE-F84A8C411E27}.Release|Any CPU.ActiveCfg = Release|Any CPU
		{34B62CD3-6A88-4DBE-9BDE-F84A8C411E27}.Release|Any CPU.Build.0 = Release|Any CPU
	EndGlobalSection
	GlobalSection(SolutionProperties) = preSolution
		HideSolutionNode = FALSE
	EndGlobalSection
	GlobalSection(NestedProjects) = preSolution
		{1839276B-785B-4D06-91DB-DF1990DD9C22} = {F167C05F-C9AE-42C6-A15C-4771C14D97AD}
		{686DABD2-4ECD-43E2-829A-4B71BDA7FD3B} = {F167C05F-C9AE-42C6-A15C-4771C14D97AD}
		{E0319CFA-FA1D-4242-A984-522F298AF42D} = {F167C05F-C9AE-42C6-A15C-4771C14D97AD}
		{77F46A3F-4B55-4D57-880E-AC6A00FBC525} = {1839276B-785B-4D06-91DB-DF1990DD9C22}
		{9F08A2BB-31BD-473B-851C-DAB617BDFC73} = {1839276B-785B-4D06-91DB-DF1990DD9C22}
		{0FF1D114-C58B-4C34-961D-7AD75F049C74} = {686DABD2-4ECD-43E2-829A-4B71BDA7FD3B}
		{C7DB64B7-2D95-4731-AA8B-33448B87821D} = {686DABD2-4ECD-43E2-829A-4B71BDA7FD3B}
		{D1C09968-389D-4F23-BD88-37327947E14A} = {C7DB64B7-2D95-4731-AA8B-33448B87821D}
		{ACDD3012-1380-48B0-B7B4-D0AA8A92FDF2} = {E0319CFA-FA1D-4242-A984-522F298AF42D}
		{B72241C2-4602-4CEA-B139-F48118F38799} = {0FF1D114-C58B-4C34-961D-7AD75F049C74}
		{4962ADBD-9C69-4D98-8B89-8373B2C700E3} = {77F46A3F-4B55-4D57-880E-AC6A00FBC525}
		{D6BA13BA-82A5-48D6-A91A-0B8A60007FA5} = {77F46A3F-4B55-4D57-880E-AC6A00FBC525}
		{67C89F21-F776-4EE9-AFDC-EB2EB5D571F1} = {9F08A2BB-31BD-473B-851C-DAB617BDFC73}
		{34B62CD3-6A88-4DBE-9BDE-F84A8C411E27} = {06B667CD-E82F-4CCD-807A-008D8060C992}
	EndGlobalSection
	GlobalSection(ExtensibilityGlobals) = postSolution
		SolutionGuid = {DE555712-4FA6-45C9-AD0F-062E061EA50E}
	EndGlobalSection
EndGlobal
